
Microsoft Visual Studio Solution File, Format Version 12.00
# Visual Studio 15
VisualStudioVersion = 15.0.28010.2046
MinimumVisualStudioVersion = 10.0.40219.1
Project("{FAE04EC0-301F-11D3-BF4B-00C04F79EFBC}") = "WinFormsCommanding", "WinFormsCommanding\WinFormsCommanding.csproj", "{05281097-04A1-4E30-8161-D73670F9A64D}"
EndProject
Project("{FAE04EC0-301F-11D3-BF4B-00C04F79EFBC}") = "Example", "Example\Example.csproj", "{EBAED502-6649-4781-91DC-9C39DFD4E821}"
EndProject
Project("{2150E333-8FDC-42A3-9474-1A3956D46DE8}") = "Solution Items", "Solution Items", "{A2067B2B-FFF3-4E2B-89B1-04A2EBBFA750}"
	ProjectSection(SolutionItems) = preProject
		.gitignore = .gitignore
		appveyor.yml = appveyor.yml
		LICENSE.txt = LICENSE.txt
		README.md = README.md
	EndProjectSection
EndProject
Global
	GlobalSection(SolutionConfigurationPlatforms) = preSolution
		Debug|Any CPU = Debug|Any CPU
		Release|Any CPU = Release|Any CPU
	EndGlobalSection
	GlobalSection(ProjectConfigurationPlatforms) = postSolution
		{05281097-04A1-4E30-8161-D73670F9A64D}.Debug|Any CPU.ActiveCfg = Debug|Any CPU
		{05281097-04A1-4E30-8161-D73670F9A64D}.Debug|Any CPU.Build.0 = Debug|Any CPU
		{05281097-04A1-4E30-8161-D73670F9A64D}.Release|Any CPU.ActiveCfg = Release|Any CPU
		{05281097-04A1-4E30-8161-D73670F9A64D}.Release|Any CPU.Build.0 = Release|Any CPU
		{EBAED502-6649-4781-91DC-9C39DFD4E821}.Debug|Any CPU.ActiveCfg = Debug|Any CPU
		{EBAED502-6649-4781-91DC-9C39DFD4E821}.Debug|Any CPU.Build.0 = Debug|Any CPU
		{EBAED502-6649-4781-91DC-9C39DFD4E821}.Release|Any CPU.ActiveCfg = Release|Any CPU
		{EBAED502-6649-4781-91DC-9C39DFD4E821}.Release|Any CPU.Build.0 = Release|Any CPU
	EndGlobalSection
	GlobalSection(SolutionProperties) = preSolution
		HideSolutionNode = FALSE
	EndGlobalSection
	GlobalSection(ExtensibilityGlobals) = postSolution
		SolutionGuid = {9AE73B3F-59C4-4918-83DA-BFC4390B7767}
	EndGlobalSection
EndGlobal
